// !$*UTF8*$!
{
	archiveVersion = 1;
	classes = {
	};
	objectVersion = 46;
	objects = {

/* Begin PBXBuildFile section */
		BF98F5E81F8E401600F4859D /* AppDelegate.swift in Sources */ = {isa = PBXBuildFile; fileRef = BF98F5E71F8E401600F4859D /* AppDelegate.swift */; };
		BF98F5EA1F8E401600F4859D /* ViewController.swift in Sources */ = {isa = PBXBuildFile; fileRef = BF98F5E91F8E401600F4859D /* ViewController.swift */; };
		BF98F5ED1F8E401600F4859D /* Main.storyboard in Resources */ = {isa = PBXBuildFile; fileRef = BF98F5EB1F8E401600F4859D /* Main.storyboard */; };
		BF98F5EF1F8E401600F4859D /* Assets.xcassets in Resources */ = {isa = PBXBuildFile; fileRef = BF98F5EE1F8E401600F4859D /* Assets.xcassets */; };
		BF98F5F21F8E401600F4859D /* LaunchScreen.storyboard in Resources */ = {isa = PBXBuildFile; fileRef = BF98F5F01F8E401600F4859D /* LaunchScreen.storyboard */; };
		BFC482DE1F8F8F4500C35BE2 /* JSON.swift in Sources */ = {isa = PBXBuildFile; fileRef = BFC482DD1F8F8F4500C35BE2 /* JSON.swift */; };
		F79F79C2A63C1F37C6416A5F /* Pods_Siri.framework in Frameworks */ = {isa = PBXBuildFile; fileRef = 7408CFAA42301778AAF2A46D /* Pods_Siri.framework */; };
/* End PBXBuildFile section */

/* Begin PBXFileReference section */
		0A8EE4EDF4DEAB7F816E76EC /* Pods-Siri.release.xcconfig */ = {isa = PBXFileReference; includeInIndex = 1; lastKnownFileType = text.xcconfig; name = "Pods-Siri.release.xcconfig"; path = "Pods/Target Support Files/Pods-Siri/Pods-Siri.release.xcconfig"; sourceTree = "<group>"; };
		16D7DD87EFABAAA890FBBC3E /* Pods-Siri.debug.xcconfig */ = {isa = PBXFileReference; includeInIndex = 1; lastKnownFileType = text.xcconfig; name = "Pods-Siri.debug.xcconfig"; path = "Pods/Target Support Files/Pods-Siri/Pods-Siri.debug.xcconfig"; sourceTree = "<group>"; };
		7408CFAA42301778AAF2A46D /* Pods_Siri.framework */ = {isa = PBXFileReference; explicitFileType = wrapper.framework; includeInIndex = 0; path = Pods_Siri.framework; sourceTree = BUILT_PRODUCTS_DIR; };
		BF98F5E41F8E401600F4859D /* Siri.app */ = {isa = PBXFileReference; explicitFileType = wrapper.application; includeInIndex = 0; path = Siri.app; sourceTree = BUILT_PRODUCTS_DIR; };
		BF98F5E71F8E401600F4859D /* AppDelegate.swift */ = {isa = PBXFileReference; lastKnownFileType = sourcecode.swift; path = AppDelegate.swift; sourceTree = "<group>"; };
		BF98F5E91F8E401600F4859D /* ViewController.swift */ = {isa = PBXFileReference; lastKnownFileType = sourcecode.swift; path = ViewController.swift; sourceTree = "<group>"; };
		BF98F5EC1F8E401600F4859D /* Base */ = {isa = PBXFileReference; lastKnownFileType = file.storyboard; name = Base; path = Base.lproj/Main.storyboard; sourceTree = "<group>"; };
		BF98F5EE1F8E401600F4859D /* Assets.xcassets */ = {isa = PBXFileReference; lastKnownFileType = folder.assetcatalog; path = Assets.xcassets; sourceTree = "<group>"; };
		BF98F5F11F8E401600F4859D /* Base */ = {isa = PBXFileReference; lastKnownFileType = file.storyboard; name = Base; path = Base.lproj/LaunchScreen.storyboard; sourceTree = "<group>"; };
		BF98F5F31F8E401600F4859D /* Info.plist */ = {isa = PBXFileReference; lastKnownFileType = text.plist.xml; path = Info.plist; sourceTree = "<group>"; };
		BFC482DD1F8F8F4500C35BE2 /* JSON.swift */ = {isa = PBXFileReference; fileEncoding = 4; lastKnownFileType = sourcecode.swift; path = JSON.swift; sourceTree = "<group>"; };
/* End PBXFileReference section */

/* Begin PBXFrameworksBuildPhase section */
		BF98F5E11F8E401600F4859D /* Frameworks */ = {
			isa = PBXFrameworksBuildPhase;
			buildActionMask = 2147483647;
			files = (
				F79F79C2A63C1F37C6416A5F /* Pods_Siri.framework in Frameworks */,
			);
			runOnlyForDeploymentPostprocessing = 0;
		};
/* End PBXFrameworksBuildPhase section */

/* Begin PBXGroup section */
		1D39382E7C535A0055F57252 /* Pods */ = {
			isa = PBXGroup;
			children = (
				16D7DD87EFABAAA890FBBC3E /* Pods-Siri.debug.xcconfig */,
				0A8EE4EDF4DEAB7F816E76EC /* Pods-Siri.release.xcconfig */,
			);
			name = Pods;
			sourceTree = "<group>";
		};
		B2695AA07A5895C7DAA79233 /* Frameworks */ = {
			isa = PBXGroup;
			children = (
				7408CFAA42301778AAF2A46D /* Pods_Siri.framework */,
			);
			name = Frameworks;
			sourceTree = "<group>";
		};
		BF98F5DB1F8E401500F4859D = {
			isa = PBXGroup;
			children = (
				BF98F5E61F8E401600F4859D /* Siri */,
				BF98F5E51F8E401600F4859D /* Products */,
				1D39382E7C535A0055F57252 /* Pods */,
				B2695AA07A5895C7DAA79233 /* Frameworks */,
			);
			sourceTree = "<group>";
		};
		BF98F5E51F8E401600F4859D /* Products */ = {
			isa = PBXGroup;
			children = (
				BF98F5E41F8E401600F4859D /* Siri.app */,
			);
			name = Products;
			sourceTree = "<group>";
		};
		BF98F5E61F8E401600F4859D /* Siri */ = {
			isa = PBXGroup;
			children = (
				BFC482DD1F8F8F4500C35BE2 /* JSON.swift */,
				BF98F5E71F8E401600F4859D /* AppDelegate.swift */,
				BF98F5E91F8E401600F4859D /* ViewController.swift */,
				BF98F5EB1F8E401600F4859D /* Main.storyboard */,
				BF98F5EE1F8E401600F4859D /* Assets.xcassets */,
				BF98F5F01F8E401600F4859D /* LaunchScreen.storyboard */,
				BF98F5F31F8E401600F4859D /* Info.plist */,
			);
			path = Siri;
			sourceTree = "<group>";
		};
/* End PBXGroup section */

/* Begin PBXNativeTarget section */
		BF98F5E31F8E401600F4859D /* Siri */ = {
			isa = PBXNativeTarget;
			buildConfigurationList = BF98F5F61F8E401600F4859D /* Build configuration list for PBXNativeTarget "Siri" */;
			buildPhases = (
				1975EF1FA999735EA401D1FA /* [CP] Check Pods Manifest.lock */,
				BF98F5E01F8E401600F4859D /* Sources */,
				BF98F5E11F8E401600F4859D /* Frameworks */,
				BF98F5E21F8E401600F4859D /* Resources */,
				AE76397941C1544C8A4CB35A /* [CP] Embed Pods Frameworks */,
				9667193A939950219B3C5DCB /* [CP] Copy Pods Resources */,
			);
			buildRules = (
			);
			dependencies = (
			);
			name = Siri;
			productName = Siri;
			productReference = BF98F5E41F8E401600F4859D /* Siri.app */;
			productType = "com.apple.product-type.application";
		};
/* End PBXNativeTarget section */

/* Begin PBXProject section */
		BF98F5DC1F8E401500F4859D /* Project object */ = {
			isa = PBXProject;
			attributes = {
				LastSwiftUpdateCheck = 0820;
				LastUpgradeCheck = 0820;
				ORGANIZATIONNAME = "Kyle BAMPING";
				TargetAttributes = {
					BF98F5E31F8E401600F4859D = {
						CreatedOnToolsVersion = 8.2.1;
						ProvisioningStyle = Automatic;
					};
				};
			};
			buildConfigurationList = BF98F5DF1F8E401500F4859D /* Build configuration list for PBXProject "Siri" */;
			compatibilityVersion = "Xcode 3.2";
			developmentRegion = English;
			hasScannedForEncodings = 0;
			knownRegions = (
				en,
				Base,
			);
			mainGroup = BF98F5DB1F8E401500F4859D;
			productRefGroup = BF98F5E51F8E401600F4859D /* Products */;
			projectDirPath = "";
			projectRoot = "";
			targets = (
				BF98F5E31F8E401600F4859D /* Siri */,
			);
		};
/* End PBXProject section */

/* Begin PBXResourcesBuildPhase section */
		BF98F5E21F8E401600F4859D /* Resources */ = {
			isa = PBXResourcesBuildPhase;
			buildActionMask = 2147483647;
			files = (
				BF98F5F21F8E401600F4859D /* LaunchScreen.storyboard in Resources */,
				BF98F5EF1F8E401600F4859D /* Assets.xcassets in Resources */,
				BF98F5ED1F8E401600F4859D /* Main.storyboard in Resources */,
			);
			runOnlyForDeploymentPostprocessing = 0;
		};
/* End PBXResourcesBuildPhase section */

/* Begin PBXShellScriptBuildPhase section */
		1975EF1FA999735EA401D1FA /* [CP] Check Pods Manifest.lock */ = {
			isa = PBXShellScriptBuildPhase;
			buildActionMask = 2147483647;
			files = (
			);
			inputPaths = (
				"${PODS_PODFILE_DIR_PATH}/Podfile.lock",
				"${PODS_ROOT}/Manifest.lock",
			);
			name = "[CP] Check Pods Manifest.lock";
			outputPaths = (
				"$(DERIVED_FILE_DIR)/Pods-Siri-checkManifestLockResult.txt",
			);
			runOnlyForDeploymentPostprocessing = 0;
			shellPath = /bin/sh;
			shellScript = "diff \"${PODS_PODFILE_DIR_PATH}/Podfile.lock\" \"${PODS_ROOT}/Manifest.lock\" > /dev/null\nif [ $? != 0 ] ; then\n    # print error to STDERR\n    echo \"error: The sandbox is not in sync with the Podfile.lock. Run 'pod install' or update your CocoaPods installation.\" >&2\n    exit 1\nfi\n# This output is used by Xcode 'outputs' to avoid re-running this script phase.\necho \"SUCCESS\" > \"${SCRIPT_OUTPUT_FILE_0}\"\n";
			showEnvVarsInLog = 0;
		};
		9667193A939950219B3C5DCB /* [CP] Copy Pods Resources */ = {
			isa = PBXShellScriptBuildPhase;
			buildActionMask = 2147483647;
			files = (
			);
			inputPaths = (
			);
			name = "[CP] Copy Pods Resources";
			outputPaths = (
			);
			runOnlyForDeploymentPostprocessing = 0;
			shellPath = /bin/sh;
			shellScript = "\"${SRCROOT}/Pods/Target Support Files/Pods-Siri/Pods-Siri-resources.sh\"\n";
			showEnvVarsInLog = 0;
		};
		AE76397941C1544C8A4CB35A /* [CP] Embed Pods Frameworks */ = {
			isa = PBXShellScriptBuildPhase;
			buildActionMask = 2147483647;
			files = (
			);
			inputPaths = (
				"${SRCROOT}/Pods/Target Support Files/Pods-Siri/Pods-Siri-frameworks.sh",
				"${BUILT_PRODUCTS_DIR}/Alamofire/Alamofire.framework",
				"${BUILT_PRODUCTS_DIR}/ForecastIO/ForecastIO.framework",
				"${BUILT_PRODUCTS_DIR}/ObjectMapper/ObjectMapper.framework",
				"${BUILT_PRODUCTS_DIR}/RecastAI/RecastAI.framework",
			);
			name = "[CP] Embed Pods Frameworks";
			outputPaths = (
				"${TARGET_BUILD_DIR}/${FRAMEWORKS_FOLDER_PATH}/Alamofire.framework",
				"${TARGET_BUILD_DIR}/${FRAMEWORKS_FOLDER_PATH}/ForecastIO.framework",
				"${TARGET_BUILD_DIR}/${FRAMEWORKS_FOLDER_PATH}/ObjectMapper.framework",
				"${TARGET_BUILD_DIR}/${FRAMEWORKS_FOLDER_PATH}/RecastAI.framework",
			);
			runOnlyForDeploymentPostprocessing = 0;
			shellPath = /bin/sh;
			shellScript = "\"${SRCROOT}/Pods/Target Support Files/Pods-Siri/Pods-Siri-frameworks.sh\"\n";
			showEnvVarsInLog = 0;
		};
/* End PBXShellScriptBuildPhase section */

/* Begin PBXSourcesBuildPhase section */
		BF98F5E01F8E401600F4859D /* Sources */ = {
			isa = PBXSourcesBuildPhase;
			buildActionMask = 2147483647;
			files = (
				BFC482DE1F8F8F4500C35BE2 /* JSON.swift in Sources */,
				BF98F5EA1F8E401600F4859D /* ViewController.swift in Sources */,
				BF98F5E81F8E401600F4859D /* AppDelegate.swift in Sources */,
			);
			runOnlyForDeploymentPostprocessing = 0;
		};
/* End PBXSourcesBuildPhase section */

/* Begin PBXVariantGroup section */
		BF98F5EB1F8E401600F4859D /* Main.storyboard */ = {
			isa = PBXVariantGroup;
			children = (
				BF98F5EC1F8E401600F4859D /* Base */,
			);
			name = Main.storyboard;
			sourceTree = "<group>";
		};
		BF98F5F01F8E401600F4859D /* LaunchScreen.storyboard */ = {
			isa = PBXVariantGroup;
			children = (
				BF98F5F11F8E401600F4859D /* Base */,
			);
			name = LaunchScreen.storyboard;
			sourceTree = "<group>";
		};
/* End PBXVariantGroup section */

/* Begin XCBuildConfiguration section */
		BF98F5F41F8E401600F4859D /* Debug */ = {
			isa = XCBuildConfiguration;
			buildSettings = {
				ALWAYS_SEARCH_USER_PATHS = NO;
				CLANG_ANALYZER_NONNULL = YES;
				CLANG_CXX_LANGUAGE_STANDARD = "gnu++0x";
				CLANG_CXX_LIBRARY = "libc++";
				CLANG_ENABLE_MODULES = YES;
				CLANG_ENABLE_OBJC_ARC = YES;
				CLANG_WARN_BOOL_CONVERSION = YES;
				CLANG_WARN_CONSTANT_CONVERSION = YES;
				CLANG_WARN_DIRECT_OBJC_ISA_USAGE = YES_ERROR;
				CLANG_WARN_DOCUMENTATION_COMMENTS = YES;
				CLANG_WARN_EMPTY_BODY = YES;
				CLANG_WARN_ENUM_CONVERSION = YES;
				CLANG_WARN_INFINITE_RECURSION = YES;
				CLANG_WARN_INT_CONVERSION = YES;
				CLANG_WARN_OBJC_ROOT_CLASS = YES_ERROR;
				CLANG_WARN_SUSPICIOUS_MOVE = YES;
				CLANG_WARN_UNREACHABLE_CODE = YES;
				CLANG_WARN__DUPLICATE_METHOD_MATCH = YES;
				"CODE_SIGN_IDENTITY[sdk=iphoneos*]" = "iPhone Developer";
				COPY_PHASE_STRIP = NO;
				DEBUG_INFORMATION_FORMAT = dwarf;
				ENABLE_STRICT_OBJC_MSGSEND = YES;
				ENABLE_TESTABILITY = YES;
				GCC_C_LANGUAGE_STANDARD = gnu99;
				GCC_DYNAMIC_NO_PIC = NO;
				GCC_NO_COMMON_BLOCKS = YES;
				GCC_OPTIMIZATION_LEVEL = 0;
				GCC_PREPROCESSOR_DEFINITIONS = (
					"DEBUG=1",
					"$(inherited)",
				);
				GCC_WARN_64_TO_32_BIT_CONVERSION = YES;
				GCC_WARN_ABOUT_RETURN_TYPE = YES_ERROR;
				GCC_WARN_UNDECLARED_SELECTOR = YES;
				GCC_WARN_UNINITIALIZED_AUTOS = YES_AGGRESSIVE;
				GCC_WARN_UNUSED_FUNCTION = YES;
				GCC_WARN_UNUSED_VARIABLE = YES;
				IPHONEOS_DEPLOYMENT_TARGET = 10.2;
				MTL_ENABLE_DEBUG_INFO = YES;
				ONLY_ACTIVE_ARCH = YES;
				SDKROOT = iphoneos;
				SWIFT_ACTIVE_COMPILATION_CONDITIONS = DEBUG;
				SWIFT_OPTIMIZATION_LEVEL = "-Onone";
				TARGETED_DEVICE_FAMILY = "1,2";
			};
			name = Debug;
		};
		BF98F5F51F8E401600F4859D /* Release */ = {
			isa = XCBuildConfiguration;
			buildSettings = {
				ALWAYS_SEARCH_USER_PATHS = NO;
				CLANG_ANALYZER_NONNULL = YES;
				CLANG_CXX_LANGUAGE_STANDARD = "gnu++0x";
				CLANG_CXX_LIBRARY = "libc++";
				CLANG_ENABLE_MODULES = YES;
				CLANG_ENABLE_OBJC_ARC = YES;
				CLANG_WARN_BOOL_CONVERSION = YES;
				CLANG_WARN_CONSTANT_CONVERSION = YES;
				CLANG_WARN_DIRECT_OBJC_ISA_USAGE = YES_ERROR;
				CLANG_WARN_DOCUMENTATION_COMMENTS = YES;
				CLANG_WARN_EMPTY_BODY = YES;
				CLANG_WARN_ENUM_CONVERSION = YES;
				CLANG_WARN_INFINITE_RECURSION = YES;
				CLANG_WARN_INT_CONVERSION = YES;
				CLANG_WARN_OBJC_ROOT_CLASS = YES_ERROR;
				CLANG_WARN_SUSPICIOUS_MOVE = YES;
				CLANG_WARN_UNREACHABLE_CODE = YES;
				CLANG_WARN__DUPLICATE_METHOD_MATCH = YES;
				"CODE_SIGN_IDENTITY[sdk=iphoneos*]" = "iPhone Developer";
				COPY_PHASE_STRIP = NO;
				DEBUG_INFORMATION_FORMAT = "dwarf-with-dsym";
				ENABLE_NS_ASSERTIONS = NO;
				ENABLE_STRICT_OBJC_MSGSEND = YES;
				GCC_C_LANGUAGE_STANDARD = gnu99;
				GCC_NO_COMMON_BLOCKS = YES;
				GCC_WARN_64_TO_32_BIT_CONVERSION = YES;
				GCC_WARN_ABOUT_RETURN_TYPE = YES_ERROR;
				GCC_WARN_UNDECLARED_SELECTOR = YES;
				GCC_WARN_UNINITIALIZED_AUTOS = YES_AGGRESSIVE;
				GCC_WARN_UNUSED_FUNCTION = YES;
				GCC_WARN_UNUSED_VARIABLE = YES;
				IPHONEOS_DEPLOYMENT_TARGET = 10.2;
				MTL_ENABLE_DEBUG_INFO = NO;
				SDKROOT = iphoneos;
				SWIFT_OPTIMIZATION_LEVEL = "-Owholemodule";
				TARGETED_DEVICE_FAMILY = "1,2";
				VALIDATE_PRODUCT = YES;
			};
			name = Release;
		};
		BF98F5F71F8E401600F4859D /* Debug */ = {
			isa = XCBuildConfiguration;
			baseConfigurationReference = 16D7DD87EFABAAA890FBBC3E /* Pods-Siri.debug.xcconfig */;
			buildSettings = {
				ASSETCATALOG_COMPILER_APPICON_NAME = AppIcon;
				INFOPLIST_FILE = Siri/Info.plist;
				LD_RUNPATH_SEARCH_PATHS = "$(inherited) @executable_path/Frameworks";
				PRODUCT_BUNDLE_IDENTIFIER = com.kbam7.Siri;
				PRODUCT_NAME = "$(TARGET_NAME)";
				SWIFT_VERSION = 3.0;
			};
			name = Debug;
		};
		BF98F5F81F8E401600F4859D /* Release */ = {
			isa = XCBuildConfiguration;
			baseConfigurationReference = 0A8EE4EDF4DEAB7F816E76EC /* Pods-Siri.release.xcconfig */;
			buildSettings = {
				ASSETCATALOG_COMPILER_APPICON_NAME = AppIcon;
				INFOPLIST_FILE = Siri/Info.plist;
				LD_RUNPATH_SEARCH_PATHS = "$(inherited) @executable_path/Frameworks";
				PRODUCT_BUNDLE_IDENTIFIER = com.kbam7.Siri;
				PRODUCT_NAME = "$(TARGET_NAME)";
				SWIFT_VERSION = 3.0;
			};
			name = Release;
		};
/* End XCBuildConfiguration section */

/* Begin XCConfigurationList section */
		BF98F5DF1F8E401500F4859D /* Build configuration list for PBXProject "Siri" */ = {
			isa = XCConfigurationList;
			buildConfigurations = (
				BF98F5F41F8E401600F4859D /* Debug */,
				BF98F5F51F8E401600F4859D /* Release */,
			);
			defaultConfigurationIsVisible = 0;
			defaultConfigurationName = Release;
		};
		BF98F5F61F8E401600F4859D /* Build configuration list for PBXNativeTarget "Siri" */ = {
			isa = XCConfigurationList;
			buildConfigurations = (
				BF98F5F71F8E401600F4859D /* Debug */,
				BF98F5F81F8E401600F4859D /* Release */,
			);
			defaultConfigurationIsVisible = 0;
			defaultConfigurationName = Release;
		};
/* End XCConfigurationList section */
	};
	rootObject = BF98F5DC1F8E401500F4859D /* Project object */;
}
