// !$*UTF8*$!
{
	archiveVersion = 1;
	classes = {
	};
	objectVersion = 46;
	objects = {

/* Begin PBXBuildFile section */
		BFD6EF4B1F82881D00219B54 /* AppDelegate.swift in Sources */ = {isa = PBXBuildFile; fileRef = BFD6EF4A1F82881D00219B54 /* AppDelegate.swift */; };
		BFD6EF4D1F82881D00219B54 /* ViewController.swift in Sources */ = {isa = PBXBuildFile; fileRef = BFD6EF4C1F82881D00219B54 /* ViewController.swift */; };
		BFD6EF501F82881D00219B54 /* Main.storyboard in Resources */ = {isa = PBXBuildFile; fileRef = BFD6EF4E1F82881D00219B54 /* Main.storyboard */; };
		BFD6EF521F82881D00219B54 /* Assets.xcassets in Resources */ = {isa = PBXBuildFile; fileRef = BFD6EF511F82881D00219B54 /* Assets.xcassets */; };
		BFD6EF551F82881D00219B54 /* LaunchScreen.storyboard in Resources */ = {isa = PBXBuildFile; fileRef = BFD6EF531F82881D00219B54 /* LaunchScreen.storyboard */; };
/* End PBXBuildFile section */

/* Begin PBXFileReference section */
		BFD6EF471F82881D00219B54 /* Moar Buttons.app */ = {isa = PBXFileReference; explicitFileType = wrapper.application; includeInIndex = 0; path = "Moar Buttons.app"; sourceTree = BUILT_PRODUCTS_DIR; };
		BFD6EF4A1F82881D00219B54 /* AppDelegate.swift */ = {isa = PBXFileReference; lastKnownFileType = sourcecode.swift; path = AppDelegate.swift; sourceTree = "<group>"; };
		BFD6EF4C1F82881D00219B54 /* ViewController.swift */ = {isa = PBXFileReference; lastKnownFileType = sourcecode.swift; path = ViewController.swift; sourceTree = "<group>"; };
		BFD6EF4F1F82881D00219B54 /* Base */ = {isa = PBXFileReference; lastKnownFileType = file.storyboard; name = Base; path = Base.lproj/Main.storyboard; sourceTree = "<group>"; };
		BFD6EF511F82881D00219B54 /* Assets.xcassets */ = {isa = PBXFileReference; lastKnownFileType = folder.assetcatalog; path = Assets.xcassets; sourceTree = "<group>"; };
		BFD6EF541F82881D00219B54 /* Base */ = {isa = PBXFileReference; lastKnownFileType = file.storyboard; name = Base; path = Base.lproj/LaunchScreen.storyboard; sourceTree = "<group>"; };
		BFD6EF561F82881D00219B54 /* Info.plist */ = {isa = PBXFileReference; lastKnownFileType = text.plist.xml; path = Info.plist; sourceTree = "<group>"; };
/* End PBXFileReference section */

/* Begin PBXFrameworksBuildPhase section */
		BFD6EF441F82881D00219B54 /* Frameworks */ = {
			isa = PBXFrameworksBuildPhase;
			buildActionMask = 2147483647;
			files = (
			);
			runOnlyForDeploymentPostprocessing = 0;
		};
/* End PBXFrameworksBuildPhase section */

/* Begin PBXGroup section */
		BFD6EF3E1F82881D00219B54 = {
			isa = PBXGroup;
			children = (
				BFD6EF491F82881D00219B54 /* Moar Buttons */,
				BFD6EF481F82881D00219B54 /* Products */,
			);
			sourceTree = "<group>";
		};
		BFD6EF481F82881D00219B54 /* Products */ = {
			isa = PBXGroup;
			children = (
				BFD6EF471F82881D00219B54 /* Moar Buttons.app */,
			);
			name = Products;
			sourceTree = "<group>";
		};
		BFD6EF491F82881D00219B54 /* Moar Buttons */ = {
			isa = PBXGroup;
			children = (
				BFD6EF4A1F82881D00219B54 /* AppDelegate.swift */,
				BFD6EF4C1F82881D00219B54 /* ViewController.swift */,
				BFD6EF4E1F82881D00219B54 /* Main.storyboard */,
				BFD6EF511F82881D00219B54 /* Assets.xcassets */,
				BFD6EF531F82881D00219B54 /* LaunchScreen.storyboard */,
				BFD6EF561F82881D00219B54 /* Info.plist */,
			);
			path = "Moar Buttons";
			sourceTree = "<group>";
		};
/* End PBXGroup section */

/* Begin PBXNativeTarget section */
		BFD6EF461F82881D00219B54 /* Moar Buttons */ = {
			isa = PBXNativeTarget;
			buildConfigurationList = BFD6EF591F82881D00219B54 /* Build configuration list for PBXNativeTarget "Moar Buttons" */;
			buildPhases = (
				BFD6EF431F82881D00219B54 /* Sources */,
				BFD6EF441F82881D00219B54 /* Frameworks */,
				BFD6EF451F82881D00219B54 /* Resources */,
			);
			buildRules = (
			);
			dependencies = (
			);
			name = "Moar Buttons";
			productName = "Moar Buttons";
			productReference = BFD6EF471F82881D00219B54 /* Moar Buttons.app */;
			productType = "com.apple.product-type.application";
		};
/* End PBXNativeTarget section */

/* Begin PBXProject section */
		BFD6EF3F1F82881D00219B54 /* Project object */ = {
			isa = PBXProject;
			attributes = {
				LastSwiftUpdateCheck = 0820;
				LastUpgradeCheck = 0820;
				ORGANIZATIONNAME = "Kyle BAMPING";
				TargetAttributes = {
					BFD6EF461F82881D00219B54 = {
						CreatedOnToolsVersion = 8.2.1;
						ProvisioningStyle = Automatic;
					};
				};
			};
			buildConfigurationList = BFD6EF421F82881D00219B54 /* Build configuration list for PBXProject "Moar Buttons" */;
			compatibilityVersion = "Xcode 3.2";
			developmentRegion = English;
			hasScannedForEncodings = 0;
			knownRegions = (
				en,
				Base,
			);
			mainGroup = BFD6EF3E1F82881D00219B54;
			productRefGroup = BFD6EF481F82881D00219B54 /* Products */;
			projectDirPath = "";
			projectRoot = "";
			targets = (
				BFD6EF461F82881D00219B54 /* Moar Buttons */,
			);
		};
/* End PBXProject section */

/* Begin PBXResourcesBuildPhase section */
		BFD6EF451F82881D00219B54 /* Resources */ = {
			isa = PBXResourcesBuildPhase;
			buildActionMask = 2147483647;
			files = (
				BFD6EF551F82881D00219B54 /* LaunchScreen.storyboard in Resources */,
				BFD6EF521F82881D00219B54 /* Assets.xcassets in Resources */,
				BFD6EF501F82881D00219B54 /* Main.storyboard in Resources */,
			);
			runOnlyForDeploymentPostprocessing = 0;
		};
/* End PBXResourcesBuildPhase section */

/* Begin PBXSourcesBuildPhase section */
		BFD6EF431F82881D00219B54 /* Sources */ = {
			isa = PBXSourcesBuildPhase;
			buildActionMask = 2147483647;
			files = (
				BFD6EF4D1F82881D00219B54 /* ViewController.swift in Sources */,
				BFD6EF4B1F82881D00219B54 /* AppDelegate.swift in Sources */,
			);
			runOnlyForDeploymentPostprocessing = 0;
		};
/* End PBXSourcesBuildPhase section */

/* Begin PBXVariantGroup section */
		BFD6EF4E1F82881D00219B54 /* Main.storyboard */ = {
			isa = PBXVariantGroup;
			children = (
				BFD6EF4F1F82881D00219B54 /* Base */,
			);
			name = Main.storyboard;
			sourceTree = "<group>";
		};
		BFD6EF531F82881D00219B54 /* LaunchScreen.storyboard */ = {
			isa = PBXVariantGroup;
			children = (
				BFD6EF541F82881D00219B54 /* Base */,
			);
			name = LaunchScreen.storyboard;
			sourceTree = "<group>";
		};
/* End PBXVariantGroup section */

/* Begin XCBuildConfiguration section */
		BFD6EF571F82881D00219B54 /* Debug */ = {
			isa = XCBuildConfiguration;
			buildSettings = {
				ALWAYS_SEARCH_USER_PATHS = NO;
				CLANG_ANALYZER_NONNULL = YES;
				CLANG_CXX_LANGUAGE_STANDARD = "gnu++0x";
				CLANG_CXX_LIBRARY = "libc++";
				CLANG_ENABLE_MODULES = YES;
				CLANG_ENABLE_OBJC_ARC = YES;
				CLANG_WARN_BOOL_CONVERSION = YES;
				CLANG_WARN_CONSTANT_CONVERSION = YES;
				CLANG_WARN_DIRECT_OBJC_ISA_USAGE = YES_ERROR;
				CLANG_WARN_DOCUMENTATION_COMMENTS = YES;
				CLANG_WARN_EMPTY_BODY = YES;
				CLANG_WARN_ENUM_CONVERSION = YES;
				CLANG_WARN_INFINITE_RECURSION = YES;
				CLANG_WARN_INT_CONVERSION = YES;
				CLANG_WARN_OBJC_ROOT_CLASS = YES_ERROR;
				CLANG_WARN_SUSPICIOUS_MOVE = YES;
				CLANG_WARN_UNREACHABLE_CODE = YES;
				CLANG_WARN__DUPLICATE_METHOD_MATCH = YES;
				"CODE_SIGN_IDENTITY[sdk=iphoneos*]" = "iPhone Developer";
				COPY_PHASE_STRIP = NO;
				DEBUG_INFORMATION_FORMAT = dwarf;
				ENABLE_STRICT_OBJC_MSGSEND = YES;
				ENABLE_TESTABILITY = YES;
				GCC_C_LANGUAGE_STANDARD = gnu99;
				GCC_DYNAMIC_NO_PIC = NO;
				GCC_NO_COMMON_BLOCKS = YES;
				GCC_OPTIMIZATION_LEVEL = 0;
				GCC_PREPROCESSOR_DEFINITIONS = (
					"DEBUG=1",
					"$(inherited)",
				);
				GCC_WARN_64_TO_32_BIT_CONVERSION = YES;
				GCC_WARN_ABOUT_RETURN_TYPE = YES_ERROR;
				GCC_WARN_UNDECLARED_SELECTOR = YES;
				GCC_WARN_UNINITIALIZED_AUTOS = YES_AGGRESSIVE;
				GCC_WARN_UNUSED_FUNCTION = YES;
				GCC_WARN_UNUSED_VARIABLE = YES;
				IPHONEOS_DEPLOYMENT_TARGET = 10.2;
				MTL_ENABLE_DEBUG_INFO = YES;
				ONLY_ACTIVE_ARCH = YES;
				SDKROOT = iphoneos;
				SWIFT_ACTIVE_COMPILATION_CONDITIONS = DEBUG;
				SWIFT_OPTIMIZATION_LEVEL = "-Onone";
				TARGETED_DEVICE_FAMILY = "1,2";
			};
			name = Debug;
		};
		BFD6EF581F82881D00219B54 /* Release */ = {
			isa = XCBuildConfiguration;
			buildSettings = {
				ALWAYS_SEARCH_USER_PATHS = NO;
				CLANG_ANALYZER_NONNULL = YES;
				CLANG_CXX_LANGUAGE_STANDARD = "gnu++0x";
				CLANG_CXX_LIBRARY = "libc++";
				CLANG_ENABLE_MODULES = YES;
				CLANG_ENABLE_OBJC_ARC = YES;
				CLANG_WARN_BOOL_CONVERSION = YES;
				CLANG_WARN_CONSTANT_CONVERSION = YES;
				CLANG_WARN_DIRECT_OBJC_ISA_USAGE = YES_ERROR;
				CLANG_WARN_DOCUMENTATION_COMMENTS = YES;
				CLANG_WARN_EMPTY_BODY = YES;
				CLANG_WARN_ENUM_CONVERSION = YES;
				CLANG_WARN_INFINITE_RECURSION = YES;
				CLANG_WARN_INT_CONVERSION = YES;
				CLANG_WARN_OBJC_ROOT_CLASS = YES_ERROR;
				CLANG_WARN_SUSPICIOUS_MOVE = YES;
				CLANG_WARN_UNREACHABLE_CODE = YES;
				CLANG_WARN__DUPLICATE_METHOD_MATCH = YES;
				"CODE_SIGN_IDENTITY[sdk=iphoneos*]" = "iPhone Developer";
				COPY_PHASE_STRIP = NO;
				DEBUG_INFORMATION_FORMAT = "dwarf-with-dsym";
				ENABLE_NS_ASSERTIONS = NO;
				ENABLE_STRICT_OBJC_MSGSEND = YES;
				GCC_C_LANGUAGE_STANDARD = gnu99;
				GCC_NO_COMMON_BLOCKS = YES;
				GCC_WARN_64_TO_32_BIT_CONVERSION = YES;
				GCC_WARN_ABOUT_RETURN_TYPE = YES_ERROR;
				GCC_WARN_UNDECLARED_SELECTOR = YES;
				GCC_WARN_UNINITIALIZED_AUTOS = YES_AGGRESSIVE;
				GCC_WARN_UNUSED_FUNCTION = YES;
				GCC_WARN_UNUSED_VARIABLE = YES;
				IPHONEOS_DEPLOYMENT_TARGET = 10.2;
				MTL_ENABLE_DEBUG_INFO = NO;
				SDKROOT = iphoneos;
				SWIFT_OPTIMIZATION_LEVEL = "-Owholemodule";
				TARGETED_DEVICE_FAMILY = "1,2";
				VALIDATE_PRODUCT = YES;
			};
			name = Release;
		};
		BFD6EF5A1F82881D00219B54 /* Debug */ = {
			isa = XCBuildConfiguration;
			buildSettings = {
				ASSETCATALOG_COMPILER_APPICON_NAME = AppIcon;
				INFOPLIST_FILE = "Moar Buttons/Info.plist";
				LD_RUNPATH_SEARCH_PATHS = "$(inherited) @executable_path/Frameworks";
				PRODUCT_BUNDLE_IDENTIFIER = "com.kbam7.Moar-Buttons";
				PRODUCT_NAME = "$(TARGET_NAME)";
				SWIFT_VERSION = 3.0;
			};
			name = Debug;
		};
		BFD6EF5B1F82881D00219B54 /* Release */ = {
			isa = XCBuildConfiguration;
			buildSettings = {
				ASSETCATALOG_COMPILER_APPICON_NAME = AppIcon;
				INFOPLIST_FILE = "Moar Buttons/Info.plist";
				LD_RUNPATH_SEARCH_PATHS = "$(inherited) @executable_path/Frameworks";
				PRODUCT_BUNDLE_IDENTIFIER = "com.kbam7.Moar-Buttons";
				PRODUCT_NAME = "$(TARGET_NAME)";
				SWIFT_VERSION = 3.0;
			};
			name = Release;
		};
/* End XCBuildConfiguration section */

/* Begin XCConfigurationList section */
		BFD6EF421F82881D00219B54 /* Build configuration list for PBXProject "Moar Buttons" */ = {
			isa = XCConfigurationList;
			buildConfigurations = (
				BFD6EF571F82881D00219B54 /* Debug */,
				BFD6EF581F82881D00219B54 /* Release */,
			);
			defaultConfigurationIsVisible = 0;
			defaultConfigurationName = Release;
		};
		BFD6EF591F82881D00219B54 /* Build configuration list for PBXNativeTarget "Moar Buttons" */ = {
			isa = XCConfigurationList;
			buildConfigurations = (
				BFD6EF5A1F82881D00219B54 /* Debug */,
				BFD6EF5B1F82881D00219B54 /* Release */,
			);
			defaultConfigurationIsVisible = 0;
		};
/* End XCConfigurationList section */
	};
	rootObject = BFD6EF3F1F82881D00219B54 /* Project object */;
}
